
Microsoft Visual Studio Solution File, Format Version 12.00
# Visual Studio Version 17
VisualStudioVersion = 17.12.35410.144
MinimumVisualStudioVersion = 10.0.40219.1
Project("{2150E333-8FDC-42A3-9474-1A3956D46DE8}") = "Services", "Services", "{7DF7E689-616D-4B18-8589-3396DDEECD33}"
EndProject
Project("{2150E333-8FDC-42A3-9474-1A3956D46DE8}") = "Catalog", "Catalog", "{1094CCF9-063B-4E9D-BF06-C2539B288EFE}"
EndProject
Project("{FAE04EC0-301F-11D3-BF4B-00C04F79EFBC}") = "Catalog.Api", "Services\Catalog\Catalog.Api\Catalog.Api.csproj", "{FFA5AD08-F3E2-4983-9CB9-53FF3CE79ADC}"
EndProject
Project("{2150E333-8FDC-42A3-9474-1A3956D46DE8}") = "BuildingBlocks", "BuildingBlocks", "{4EFDF9BA-0B1B-4220-ADB5-B1853DC4340F}"
EndProject
Project("{FAE04EC0-301F-11D3-BF4B-00C04F79EFBC}") = "BuildingBlocks", "BuildingBlocks\BuildingBlocks\BuildingBlocks.csproj", "{94A8A2C4-7FFF-4F18-9C7F-F7A48CE9FAD8}"
EndProject
Project("{2150E333-8FDC-42A3-9474-1A3956D46DE8}") = "Basket", "Basket", "{5F17A33C-E4CC-44E9-9759-F33493D0CE2C}"
EndProject
Project("{FAE04EC0-301F-11D3-BF4B-00C04F79EFBC}") = "Basket.Api", "Services\Basket\Basket.Api\Basket.Api.csproj", "{7E54008B-5702-4E86-956E-103144EDEBAD}"
EndProject
Project("{2150E333-8FDC-42A3-9474-1A3956D46DE8}") = "Discount", "Discount", "{FBC909A7-94F0-40ED-BF2B-E22F31DE6CF3}"
EndProject
Project("{FAE04EC0-301F-11D3-BF4B-00C04F79EFBC}") = "Discount.Grpc", "Services\Discount\Discount.Grpc\Discount.Grpc.csproj", "{DEB3BF61-7818-446F-88AC-3471313EF8D7}"
EndProject
Project("{2150E333-8FDC-42A3-9474-1A3956D46DE8}") = "Ordering", "Ordering", "{98FC2E67-1C80-4891-BBE2-E6C02F827B71}"
EndProject
Project("{FAE04EC0-301F-11D3-BF4B-00C04F79EFBC}") = "Ordering.Api", "Services\Ordering\Ordering.Api\Ordering.Api.csproj", "{B6F6D5AE-970A-45E5-8782-F0F35C3824F9}"
EndProject
Project("{FAE04EC0-301F-11D3-BF4B-00C04F79EFBC}") = "Ordering.Domain", "Services\Ordering\Ordering.Domain\Ordering.Domain.csproj", "{4396EAE3-7AB4-49AF-B84C-5B84BEF09161}"
EndProject
Project("{FAE04EC0-301F-11D3-BF4B-00C04F79EFBC}") = "Ordering.Application", "Services\Ordering\Ordering.Application\Ordering.Application.csproj", "{95AEB60B-AAF7-4FC1-8026-F010ECB1B39A}"
EndProject
Project("{FAE04EC0-301F-11D3-BF4B-00C04F79EFBC}") = "Ordering.Infrastructure", "Services\Ordering\Ordering.Infrastructure\Ordering.Infrastructure.csproj", "{562F4D1B-65DC-4F88-9052-C466285BFDAE}"
EndProject
Project("{FAE04EC0-301F-11D3-BF4B-00C04F79EFBC}") = "BuildingBlocks.Messaging", "BuildingBlocks\BuildingBlocks.Messaging\BuildingBlocks.Messaging.csproj", "{F758A9C4-9803-4884-B9B8-CF6DC0FAA438}"
EndProject
Global
	GlobalSection(SolutionConfigurationPlatforms) = preSolution
		Debug|Any CPU = Debug|Any CPU
		Release|Any CPU = Release|Any CPU
	EndGlobalSection
	GlobalSection(ProjectConfigurationPlatforms) = postSolution
		{FFA5AD08-F3E2-4983-9CB9-53FF3CE79ADC}.Debug|Any CPU.ActiveCfg = Debug|Any CPU
		{FFA5AD08-F3E2-4983-9CB9-53FF3CE79ADC}.Debug|Any CPU.Build.0 = Debug|Any CPU
		{FFA5AD08-F3E2-4983-9CB9-53FF3CE79ADC}.Release|Any CPU.ActiveCfg = Release|Any CPU
		{FFA5AD08-F3E2-4983-9CB9-53FF3CE79ADC}.Release|Any CPU.Build.0 = Release|Any CPU
		{94A8A2C4-7FFF-4F18-9C7F-F7A48CE9FAD8}.Debug|Any CPU.ActiveCfg = Debug|Any CPU
		{94A8A2C4-7FFF-4F18-9C7F-F7A48CE9FAD8}.Debug|Any CPU.Build.0 = Debug|Any CPU
		{94A8A2C4-7FFF-4F18-9C7F-F7A48CE9FAD8}.Release|Any CPU.ActiveCfg = Release|Any CPU
		{94A8A2C4-7FFF-4F18-9C7F-F7A48CE9FAD8}.Release|Any CPU.Build.0 = Release|Any CPU
		{7E54008B-5702-4E86-956E-103144EDEBAD}.Debug|Any CPU.ActiveCfg = Debug|Any CPU
		{7E54008B-5702-4E86-956E-103144EDEBAD}.Debug|Any CPU.Build.0 = Debug|Any CPU
		{7E54008B-5702-4E86-956E-103144EDEBAD}.Release|Any CPU.ActiveCfg = Release|Any CPU
		{7E54008B-5702-4E86-956E-103144EDEBAD}.Release|Any CPU.Build.0 = Release|Any CPU
		{DEB3BF61-7818-446F-88AC-3471313EF8D7}.Debug|Any CPU.ActiveCfg = Debug|Any CPU
		{DEB3BF61-7818-446F-88AC-3471313EF8D7}.Debug|Any CPU.Build.0 = Debug|Any CPU
		{DEB3BF61-7818-446F-88AC-3471313EF8D7}.Release|Any CPU.ActiveCfg = Release|Any CPU
		{DEB3BF61-7818-446F-88AC-3471313EF8D7}.Release|Any CPU.Build.0 = Release|Any CPU
		{B6F6D5AE-970A-45E5-8782-F0F35C3824F9}.Debug|Any CPU.ActiveCfg = Debug|Any CPU
		{B6F6D5AE-970A-45E5-8782-F0F35C3824F9}.Debug|Any CPU.Build.0 = Debug|Any CPU
		{B6F6D5AE-970A-45E5-8782-F0F35C3824F9}.Release|Any CPU.ActiveCfg = Release|Any CPU
		{B6F6D5AE-970A-45E5-8782-F0F35C3824F9}.Release|Any CPU.Build.0 = Release|Any CPU
		{4396EAE3-7AB4-49AF-B84C-5B84BEF09161}.Debug|Any CPU.ActiveCfg = Debug|Any CPU
		{4396EAE3-7AB4-49AF-B84C-5B84BEF09161}.Debug|Any CPU.Build.0 = Debug|Any CPU
		{4396EAE3-7AB4-49AF-B84C-5B84BEF09161}.Release|Any CPU.ActiveCfg = Release|Any CPU
		{4396EAE3-7AB4-49AF-B84C-5B84BEF09161}.Release|Any CPU.Build.0 = Release|Any CPU
		{95AEB60B-AAF7-4FC1-8026-F010ECB1B39A}.Debug|Any CPU.ActiveCfg = Debug|Any CPU
		{95AEB60B-AAF7-4FC1-8026-F010ECB1B39A}.Debug|Any CPU.Build.0 = Debug|Any CPU
		{95AEB60B-AAF7-4FC1-8026-F010ECB1B39A}.Release|Any CPU.ActiveCfg = Release|Any CPU
		{95AEB60B-AAF7-4FC1-8026-F010ECB1B39A}.Release|Any CPU.Build.0 = Release|Any CPU
		{562F4D1B-65DC-4F88-9052-C466285BFDAE}.Debug|Any CPU.ActiveCfg = Debug|Any CPU
		{562F4D1B-65DC-4F88-9052-C466285BFDAE}.Debug|Any CPU.Build.0 = Debug|Any CPU
		{562F4D1B-65DC-4F88-9052-C466285BFDAE}.Release|Any CPU.ActiveCfg = Release|Any CPU
		{562F4D1B-65DC-4F88-9052-C466285BFDAE}.Release|Any CPU.Build.0 = Release|Any CPU
		{F758A9C4-9803-4884-B9B8-CF6DC0FAA438}.Debug|Any CPU.ActiveCfg = Debug|Any CPU
		{F758A9C4-9803-4884-B9B8-CF6DC0FAA438}.Debug|Any CPU.Build.0 = Debug|Any CPU
		{F758A9C4-9803-4884-B9B8-CF6DC0FAA438}.Release|Any CPU.ActiveCfg = Release|Any CPU
		{F758A9C4-9803-4884-B9B8-CF6DC0FAA438}.Release|Any CPU.Build.0 = Release|Any CPU
	EndGlobalSection
	GlobalSection(SolutionProperties) = preSolution
		HideSolutionNode = FALSE
	EndGlobalSection
	GlobalSection(NestedProjects) = preSolution
		{1094CCF9-063B-4E9D-BF06-C2539B288EFE} = {7DF7E689-616D-4B18-8589-3396DDEECD33}
		{FFA5AD08-F3E2-4983-9CB9-53FF3CE79ADC} = {1094CCF9-063B-4E9D-BF06-C2539B288EFE}
		{94A8A2C4-7FFF-4F18-9C7F-F7A48CE9FAD8} = {4EFDF9BA-0B1B-4220-ADB5-B1853DC4340F}
		{5F17A33C-E4CC-44E9-9759-F33493D0CE2C} = {7DF7E689-616D-4B18-8589-3396DDEECD33}
		{7E54008B-5702-4E86-956E-103144EDEBAD} = {5F17A33C-E4CC-44E9-9759-F33493D0CE2C}
		{FBC909A7-94F0-40ED-BF2B-E22F31DE6CF3} = {7DF7E689-616D-4B18-8589-3396DDEECD33}
		{DEB3BF61-7818-446F-88AC-3471313EF8D7} = {FBC909A7-94F0-40ED-BF2B-E22F31DE6CF3}
		{98FC2E67-1C80-4891-BBE2-E6C02F827B71} = {7DF7E689-616D-4B18-8589-3396DDEECD33}
		{B6F6D5AE-970A-45E5-8782-F0F35C3824F9} = {98FC2E67-1C80-4891-BBE2-E6C02F827B71}
		{4396EAE3-7AB4-49AF-B84C-5B84BEF09161} = {98FC2E67-1C80-4891-BBE2-E6C02F827B71}
		{95AEB60B-AAF7-4FC1-8026-F010ECB1B39A} = {98FC2E67-1C80-4891-BBE2-E6C02F827B71}
		{562F4D1B-65DC-4F88-9052-C466285BFDAE} = {98FC2E67-1C80-4891-BBE2-E6C02F827B71}
		{F758A9C4-9803-4884-B9B8-CF6DC0FAA438} = {4EFDF9BA-0B1B-4220-ADB5-B1853DC4340F}
	EndGlobalSection
EndGlobal
