
Microsoft Visual Studio Solution File, Format Version 12.00
# Visual Studio Version 17
VisualStudioVersion = 17.5.002.0
MinimumVisualStudioVersion = 10.0.40219.1
Project("{9A19103F-16F7-4668-BE54-9A1E7A4F7556}") = "Catalog.Api", "Catalog.Api\Catalog.Api.csproj", "{0DD499C0-CED4-4212-8678-C4B893F7A59E}"
EndProject
Global
	GlobalSection(SolutionConfigurationPlatforms) = preSolution
		Debug|Any CPU = Debug|Any CPU
		Release|Any CPU = Release|Any CPU
	EndGlobalSection
	GlobalSection(ProjectConfigurationPlatforms) = postSolution
		{0DD499C0-CED4-4212-8678-C4B893F7A59E}.Debug|Any CPU.ActiveCfg = Debug|Any CPU
		{0DD499C0-CED4-4212-8678-C4B893F7A59E}.Debug|Any CPU.Build.0 = Debug|Any CPU
		{0DD499C0-CED4-4212-8678-C4B893F7A59E}.Release|Any CPU.ActiveCfg = Release|Any CPU
		{0DD499C0-CED4-4212-8678-C4B893F7A59E}.Release|Any CPU.Build.0 = Release|Any CPU
	EndGlobalSection
	GlobalSection(SolutionProperties) = preSolution
		HideSolutionNode = FALSE
	EndGlobalSection
	GlobalSection(ExtensibilityGlobals) = postSolution
		SolutionGuid = {76B6097C-1F2A-4A44-B388-9A507A40FB8C}
	EndGlobalSection
EndGlobal
